
Microsoft Visual Studio Solution File, Format Version 12.00
# Visual Studio Version 16
VisualStudioVersion = 16.0.33214.272
MinimumVisualStudioVersion = 10.0.40219.1
Project("{FAE04EC0-301F-11D3-BF4B-00C04F79EFBC}") = "CoreApp", "CoreApp\CoreApp.csproj", "{B82A4C30-4E7A-4A28-88C1-36C799264071}"
EndProject
Global
	GlobalSection(SolutionConfigurationPlatforms) = preSolution
		Debug|Any CPU = Debug|Any CPU
		Release|Any CPU = Release|Any CPU
	EndGlobalSection
	GlobalSection(ProjectConfigurationPlatforms) = postSolution
		{B82A4C30-4E7A-4A28-88C1-36C799264071}.Debug|Any CPU.ActiveCfg = Debug|Any CPU
		{B82A4C30-4E7A-4A28-88C1-36C799264071}.Debug|Any CPU.Build.0 = Debug|Any CPU
		{B82A4C30-4E7A-4A28-88C1-36C799264071}.Release|Any CPU.ActiveCfg = Release|Any CPU
		{B82A4C30-4E7A-4A28-88C1-36C799264071}.Release|Any CPU.Build.0 = Release|Any CPU
	EndGlobalSection
	GlobalSection(SolutionProperties) = preSolution
		HideSolutionNode = FALSE
	EndGlobalSection
	GlobalSection(ExtensibilityGlobals) = postSolution
		SolutionGuid = {0497E23B-D4D8-411F-92F9-129B204317B4}
	EndGlobalSection
EndGlobal
